
Microsoft Visual Studio Solution File, Format Version 12.00
# Visual Studio Version 17
VisualStudioVersion = 17.6.33815.320
MinimumVisualStudioVersion = 10.0.40219.1
Project("{FAE04EC0-301F-11D3-BF4B-00C04F79EFBC}") = "StackingItems", "StackingItems\StackingItems.csproj", "{90C332EF-4C31-4D7C-B983-0648503AC73E}"
EndProject
Global
	GlobalSection(SolutionConfigurationPlatforms) = preSolution
		Debug|Any CPU = Debug|Any CPU
		Release|Any CPU = Release|Any CPU
	EndGlobalSection
	GlobalSection(ProjectConfigurationPlatforms) = postSolution
		{90C332EF-4C31-4D7C-B983-0648503AC73E}.Debug|Any CPU.ActiveCfg = Debug|Any CPU
		{90C332EF-4C31-4D7C-B983-0648503AC73E}.Debug|Any CPU.Build.0 = Debug|Any CPU
		{90C332EF-4C31-4D7C-B983-0648503AC73E}.Release|Any CPU.ActiveCfg = Release|Any CPU
		{90C332EF-4C31-4D7C-B983-0648503AC73E}.Release|Any CPU.Build.0 = Release|Any CPU
	EndGlobalSection
	GlobalSection(SolutionProperties) = preSolution
		HideSolutionNode = FALSE
	EndGlobalSection
	GlobalSection(ExtensibilityGlobals) = postSolution
		SolutionGuid = {2D65017C-465D-4AD2-A950-6DBD20308446}
	EndGlobalSection
EndGlobal
