
Microsoft Visual Studio Solution File, Format Version 12.00
# Visual Studio Version 17
VisualStudioVersion = 17.6.33815.320
MinimumVisualStudioVersion = 10.0.40219.1
Project("{9A19103F-16F7-4668-BE54-9A1E7A4F7556}") = "PickNMix", "Pick'nMix\PickNMix.csproj", "{3A3AE586-EA4F-4CD5-B0A7-13E8B460EED1}"
EndProject
Global
	GlobalSection(SolutionConfigurationPlatforms) = preSolution
		Debug|Any CPU = Debug|Any CPU
		Release|Any CPU = Release|Any CPU
	EndGlobalSection
	GlobalSection(ProjectConfigurationPlatforms) = postSolution
		{3A3AE586-EA4F-4CD5-B0A7-13E8B460EED1}.Debug|Any CPU.ActiveCfg = Debug|Any CPU
		{3A3AE586-EA4F-4CD5-B0A7-13E8B460EED1}.Debug|Any CPU.Build.0 = Debug|Any CPU
		{3A3AE586-EA4F-4CD5-B0A7-13E8B460EED1}.Release|Any CPU.ActiveCfg = Release|Any CPU
		{3A3AE586-EA4F-4CD5-B0A7-13E8B460EED1}.Release|Any CPU.Build.0 = Release|Any CPU
	EndGlobalSection
	GlobalSection(SolutionProperties) = preSolution
		HideSolutionNode = FALSE
	EndGlobalSection
	GlobalSection(ExtensibilityGlobals) = postSolution
		SolutionGuid = {69D8E0C6-1B02-40F1-A01B-C89247E4CD14}
	EndGlobalSection
EndGlobal
