
Microsoft Visual Studio Solution File, Format Version 12.00
# Visual Studio Version 17
VisualStudioVersion = 17.6.33815.320
MinimumVisualStudioVersion = 10.0.40219.1
Project("{FAE04EC0-301F-11D3-BF4B-00C04F79EFBC}") = "ExploreTheHashSet", "ExploreTheHashSet\ExploreTheHashSet.csproj", "{BEB9F684-9139-4C80-BA2F-F1B551F476FB}"
EndProject
Global
	GlobalSection(SolutionConfigurationPlatforms) = preSolution
		Debug|Any CPU = Debug|Any CPU
		Release|Any CPU = Release|Any CPU
	EndGlobalSection
	GlobalSection(ProjectConfigurationPlatforms) = postSolution
		{BEB9F684-9139-4C80-BA2F-F1B551F476FB}.Debug|Any CPU.ActiveCfg = Debug|Any CPU
		{BEB9F684-9139-4C80-BA2F-F1B551F476FB}.Debug|Any CPU.Build.0 = Debug|Any CPU
		{BEB9F684-9139-4C80-BA2F-F1B551F476FB}.Release|Any CPU.ActiveCfg = Release|Any CPU
		{BEB9F684-9139-4C80-BA2F-F1B551F476FB}.Release|Any CPU.Build.0 = Release|Any CPU
	EndGlobalSection
	GlobalSection(SolutionProperties) = preSolution
		HideSolutionNode = FALSE
	EndGlobalSection
	GlobalSection(ExtensibilityGlobals) = postSolution
		SolutionGuid = {EB6BBD5F-02F7-43B0-94C6-356B58D5C526}
	EndGlobalSection
EndGlobal
