
Microsoft Visual Studio Solution File, Format Version 12.00
# Visual Studio Version 17
VisualStudioVersion = 17.6.33815.320
MinimumVisualStudioVersion = 10.0.40219.1
Project("{FAE04EC0-301F-11D3-BF4B-00C04F79EFBC}") = "TestoInvertito", "TestoInvertito\TestoInvertito.csproj", "{D6846716-A1BE-4E30-8006-916F39835611}"
EndProject
Global
	GlobalSection(SolutionConfigurationPlatforms) = preSolution
		Debug|Any CPU = Debug|Any CPU
		Release|Any CPU = Release|Any CPU
	EndGlobalSection
	GlobalSection(ProjectConfigurationPlatforms) = postSolution
		{D6846716-A1BE-4E30-8006-916F39835611}.Debug|Any CPU.ActiveCfg = Debug|Any CPU
		{D6846716-A1BE-4E30-8006-916F39835611}.Debug|Any CPU.Build.0 = Debug|Any CPU
		{D6846716-A1BE-4E30-8006-916F39835611}.Release|Any CPU.ActiveCfg = Release|Any CPU
		{D6846716-A1BE-4E30-8006-916F39835611}.Release|Any CPU.Build.0 = Release|Any CPU
	EndGlobalSection
	GlobalSection(SolutionProperties) = preSolution
		HideSolutionNode = FALSE
	EndGlobalSection
	GlobalSection(ExtensibilityGlobals) = postSolution
		SolutionGuid = {3D49313B-57AA-4D78-B1B9-477D91DECE86}
	EndGlobalSection
EndGlobal
