
Microsoft Visual Studio Solution File, Format Version 12.00
# Visual Studio Version 17
VisualStudioVersion = 17.6.33815.320
MinimumVisualStudioVersion = 10.0.40219.1
Project("{FAE04EC0-301F-11D3-BF4B-00C04F79EFBC}") = "Esercizio3", "Esercizio3\Esercizio3.csproj", "{11B36F3E-3848-44F6-BF46-27BE8FF87EBA}"
EndProject
Global
	GlobalSection(SolutionConfigurationPlatforms) = preSolution
		Debug|Any CPU = Debug|Any CPU
		Release|Any CPU = Release|Any CPU
	EndGlobalSection
	GlobalSection(ProjectConfigurationPlatforms) = postSolution
		{11B36F3E-3848-44F6-BF46-27BE8FF87EBA}.Debug|Any CPU.ActiveCfg = Debug|Any CPU
		{11B36F3E-3848-44F6-BF46-27BE8FF87EBA}.Debug|Any CPU.Build.0 = Debug|Any CPU
		{11B36F3E-3848-44F6-BF46-27BE8FF87EBA}.Release|Any CPU.ActiveCfg = Release|Any CPU
		{11B36F3E-3848-44F6-BF46-27BE8FF87EBA}.Release|Any CPU.Build.0 = Release|Any CPU
	EndGlobalSection
	GlobalSection(SolutionProperties) = preSolution
		HideSolutionNode = FALSE
	EndGlobalSection
	GlobalSection(ExtensibilityGlobals) = postSolution
		SolutionGuid = {E64B69EB-F35B-495D-A013-CD35CCA0F9E7}
	EndGlobalSection
EndGlobal
